
Microsoft Visual Studio Solution File, Format Version 12.00
# Visual Studio Version 16
VisualStudioVersion = 16.0.29509.3
MinimumVisualStudioVersion = 10.0.40219.1
Project("{FAE04EC0-301F-11D3-BF4B-00C04F79EFBC}") = "Lab10.1", "Lab10.1\Lab10.1.csproj", "{3CF94836-81FB-4E11-9EBA-6A03FC793E48}"
EndProject
Project("{FAE04EC0-301F-11D3-BF4B-00C04F79EFBC}") = "Lab10.2", "Lab10.2\Lab10.2.csproj", "{6A9B9C3A-C1B1-40E7-AA43-2499483940AF}"
EndProject
Project("{FAE04EC0-301F-11D3-BF4B-00C04F79EFBC}") = "Lab10.3", "Lab10.3\Lab10.3.csproj", "{3EE742FD-E094-492A-B96D-4F938641C6A9}"
EndProject
Project("{FAE04EC0-301F-11D3-BF4B-00C04F79EFBC}") = "Lab10.4", "Lab10.4\Lab10.4.csproj", "{B9A2E62B-DABE-405D-94A6-C3B55EB6AA29}"
EndProject
Project("{FAE04EC0-301F-11D3-BF4B-00C04F79EFBC}") = "Lab10.5", "Lab10.5\Lab10.5.csproj", "{41C51E9D-D6F6-47AC-ACC7-9A7F7CBB10A2}"
EndProject
Global
	GlobalSection(SolutionConfigurationPlatforms) = preSolution
		Debug|Any CPU = Debug|Any CPU
		Release|Any CPU = Release|Any CPU
	EndGlobalSection
	GlobalSection(ProjectConfigurationPlatforms) = postSolution
		{3CF94836-81FB-4E11-9EBA-6A03FC793E48}.Debug|Any CPU.ActiveCfg = Debug|Any CPU
		{3CF94836-81FB-4E11-9EBA-6A03FC793E48}.Debug|Any CPU.Build.0 = Debug|Any CPU
		{3CF94836-81FB-4E11-9EBA-6A03FC793E48}.Release|Any CPU.ActiveCfg = Release|Any CPU
		{3CF94836-81FB-4E11-9EBA-6A03FC793E48}.Release|Any CPU.Build.0 = Release|Any CPU
		{6A9B9C3A-C1B1-40E7-AA43-2499483940AF}.Debug|Any CPU.ActiveCfg = Debug|Any CPU
		{6A9B9C3A-C1B1-40E7-AA43-2499483940AF}.Debug|Any CPU.Build.0 = Debug|Any CPU
		{6A9B9C3A-C1B1-40E7-AA43-2499483940AF}.Release|Any CPU.ActiveCfg = Release|Any CPU
		{6A9B9C3A-C1B1-40E7-AA43-2499483940AF}.Release|Any CPU.Build.0 = Release|Any CPU
		{3EE742FD-E094-492A-B96D-4F938641C6A9}.Debug|Any CPU.ActiveCfg = Debug|Any CPU
		{3EE742FD-E094-492A-B96D-4F938641C6A9}.Debug|Any CPU.Build.0 = Debug|Any CPU
		{3EE742FD-E094-492A-B96D-4F938641C6A9}.Release|Any CPU.ActiveCfg = Release|Any CPU
		{3EE742FD-E094-492A-B96D-4F938641C6A9}.Release|Any CPU.Build.0 = Release|Any CPU
		{B9A2E62B-DABE-405D-94A6-C3B55EB6AA29}.Debug|Any CPU.ActiveCfg = Debug|Any CPU
		{B9A2E62B-DABE-405D-94A6-C3B55EB6AA29}.Debug|Any CPU.Build.0 = Debug|Any CPU
		{B9A2E62B-DABE-405D-94A6-C3B55EB6AA29}.Release|Any CPU.ActiveCfg = Release|Any CPU
		{B9A2E62B-DABE-405D-94A6-C3B55EB6AA29}.Release|Any CPU.Build.0 = Release|Any CPU
		{41C51E9D-D6F6-47AC-ACC7-9A7F7CBB10A2}.Debug|Any CPU.ActiveCfg = Debug|Any CPU
		{41C51E9D-D6F6-47AC-ACC7-9A7F7CBB10A2}.Debug|Any CPU.Build.0 = Debug|Any CPU
		{41C51E9D-D6F6-47AC-ACC7-9A7F7CBB10A2}.Release|Any CPU.ActiveCfg = Release|Any CPU
		{41C51E9D-D6F6-47AC-ACC7-9A7F7CBB10A2}.Release|Any CPU.Build.0 = Release|Any CPU
	EndGlobalSection
	GlobalSection(SolutionProperties) = preSolution
		HideSolutionNode = FALSE
	EndGlobalSection
	GlobalSection(ExtensibilityGlobals) = postSolution
		SolutionGuid = {ADAB8A78-6AA7-4CB6-8FA2-0E30DBFDA57F}
	EndGlobalSection
EndGlobal
