
Microsoft Visual Studio Solution File, Format Version 12.00
# Visual Studio Version 16
VisualStudioVersion = 16.0.29509.3
MinimumVisualStudioVersion = 10.0.40219.1
Project("{FAE04EC0-301F-11D3-BF4B-00C04F79EFBC}") = "Lab17.1", "Lab17.1\Lab17.1.csproj", "{E472E153-89E3-4EFF-9683-D3F250C3E74A}"
EndProject
Project("{FAE04EC0-301F-11D3-BF4B-00C04F79EFBC}") = "Lab17.2", "Lab17.2\Lab17.2.csproj", "{2510912E-41C5-46FF-8B90-546A5350C26E}"
EndProject
Project("{FAE04EC0-301F-11D3-BF4B-00C04F79EFBC}") = "Lab17.3", "Lab17.3\Lab17.3.csproj", "{5EE54BEF-4AB6-4465-AC30-808F67137F5A}"
EndProject
Project("{FAE04EC0-301F-11D3-BF4B-00C04F79EFBC}") = "Lab17.4", "17.4\Lab17.4.csproj", "{9A8F01FC-CDC6-4876-8091-1C534B97592F}"
EndProject
Project("{FAE04EC0-301F-11D3-BF4B-00C04F79EFBC}") = "Lab17.5", "Lab17.5\Lab17.5.csproj", "{F73FB574-2C06-4719-9592-251B193EC7AA}"
EndProject
Global
	GlobalSection(SolutionConfigurationPlatforms) = preSolution
		Debug|Any CPU = Debug|Any CPU
		Release|Any CPU = Release|Any CPU
	EndGlobalSection
	GlobalSection(ProjectConfigurationPlatforms) = postSolution
		{E472E153-89E3-4EFF-9683-D3F250C3E74A}.Debug|Any CPU.ActiveCfg = Debug|Any CPU
		{E472E153-89E3-4EFF-9683-D3F250C3E74A}.Debug|Any CPU.Build.0 = Debug|Any CPU
		{E472E153-89E3-4EFF-9683-D3F250C3E74A}.Release|Any CPU.ActiveCfg = Release|Any CPU
		{E472E153-89E3-4EFF-9683-D3F250C3E74A}.Release|Any CPU.Build.0 = Release|Any CPU
		{2510912E-41C5-46FF-8B90-546A5350C26E}.Debug|Any CPU.ActiveCfg = Debug|Any CPU
		{2510912E-41C5-46FF-8B90-546A5350C26E}.Debug|Any CPU.Build.0 = Debug|Any CPU
		{2510912E-41C5-46FF-8B90-546A5350C26E}.Release|Any CPU.ActiveCfg = Release|Any CPU
		{2510912E-41C5-46FF-8B90-546A5350C26E}.Release|Any CPU.Build.0 = Release|Any CPU
		{5EE54BEF-4AB6-4465-AC30-808F67137F5A}.Debug|Any CPU.ActiveCfg = Debug|Any CPU
		{5EE54BEF-4AB6-4465-AC30-808F67137F5A}.Debug|Any CPU.Build.0 = Debug|Any CPU
		{5EE54BEF-4AB6-4465-AC30-808F67137F5A}.Release|Any CPU.ActiveCfg = Release|Any CPU
		{5EE54BEF-4AB6-4465-AC30-808F67137F5A}.Release|Any CPU.Build.0 = Release|Any CPU
		{9A8F01FC-CDC6-4876-8091-1C534B97592F}.Debug|Any CPU.ActiveCfg = Debug|Any CPU
		{9A8F01FC-CDC6-4876-8091-1C534B97592F}.Debug|Any CPU.Build.0 = Debug|Any CPU
		{9A8F01FC-CDC6-4876-8091-1C534B97592F}.Release|Any CPU.ActiveCfg = Release|Any CPU
		{9A8F01FC-CDC6-4876-8091-1C534B97592F}.Release|Any CPU.Build.0 = Release|Any CPU
		{F73FB574-2C06-4719-9592-251B193EC7AA}.Debug|Any CPU.ActiveCfg = Debug|Any CPU
		{F73FB574-2C06-4719-9592-251B193EC7AA}.Debug|Any CPU.Build.0 = Debug|Any CPU
		{F73FB574-2C06-4719-9592-251B193EC7AA}.Release|Any CPU.ActiveCfg = Release|Any CPU
		{F73FB574-2C06-4719-9592-251B193EC7AA}.Release|Any CPU.Build.0 = Release|Any CPU
	EndGlobalSection
	GlobalSection(SolutionProperties) = preSolution
		HideSolutionNode = FALSE
	EndGlobalSection
	GlobalSection(ExtensibilityGlobals) = postSolution
		SolutionGuid = {504647DE-5819-4C1C-87E1-C81ABD46DE14}
	EndGlobalSection
EndGlobal
