
Microsoft Visual Studio Solution File, Format Version 12.00
# Visual Studio Version 16
VisualStudioVersion = 16.0.29509.3
MinimumVisualStudioVersion = 10.0.40219.1
Project("{FAE04EC0-301F-11D3-BF4B-00C04F79EFBC}") = "Lab22.1", "Lab22.1\Lab22.1.csproj", "{6055041D-75AD-49B4-8EC1-41F685371B4C}"
EndProject
Project("{FAE04EC0-301F-11D3-BF4B-00C04F79EFBC}") = "Lab22.2", "Lab22.2\Lab22.2.csproj", "{B32C9B73-26B9-464D-A5EA-7FF18E05AEB4}"
EndProject
Project("{FAE04EC0-301F-11D3-BF4B-00C04F79EFBC}") = "Lab22.3", "Lab22.3\Lab22.3.csproj", "{2BC47AF2-777B-466A-9FD8-A62D4EA7D737}"
EndProject
Project("{FAE04EC0-301F-11D3-BF4B-00C04F79EFBC}") = "Lab22.4", "Lab22.4\Lab22.4.csproj", "{8C45DB30-DC23-4128-9F66-844146D64296}"
EndProject
Project("{FAE04EC0-301F-11D3-BF4B-00C04F79EFBC}") = "Lab22.5", "Lab22.5\Lab22.5.csproj", "{23829BC6-E688-4E34-9302-CCDCBF7A9C00}"
EndProject
Global
	GlobalSection(SolutionConfigurationPlatforms) = preSolution
		Debug|Any CPU = Debug|Any CPU
		Release|Any CPU = Release|Any CPU
	EndGlobalSection
	GlobalSection(ProjectConfigurationPlatforms) = postSolution
		{6055041D-75AD-49B4-8EC1-41F685371B4C}.Debug|Any CPU.ActiveCfg = Debug|Any CPU
		{6055041D-75AD-49B4-8EC1-41F685371B4C}.Debug|Any CPU.Build.0 = Debug|Any CPU
		{6055041D-75AD-49B4-8EC1-41F685371B4C}.Release|Any CPU.ActiveCfg = Release|Any CPU
		{6055041D-75AD-49B4-8EC1-41F685371B4C}.Release|Any CPU.Build.0 = Release|Any CPU
		{B32C9B73-26B9-464D-A5EA-7FF18E05AEB4}.Debug|Any CPU.ActiveCfg = Debug|Any CPU
		{B32C9B73-26B9-464D-A5EA-7FF18E05AEB4}.Debug|Any CPU.Build.0 = Debug|Any CPU
		{B32C9B73-26B9-464D-A5EA-7FF18E05AEB4}.Release|Any CPU.ActiveCfg = Release|Any CPU
		{B32C9B73-26B9-464D-A5EA-7FF18E05AEB4}.Release|Any CPU.Build.0 = Release|Any CPU
		{2BC47AF2-777B-466A-9FD8-A62D4EA7D737}.Debug|Any CPU.ActiveCfg = Debug|Any CPU
		{2BC47AF2-777B-466A-9FD8-A62D4EA7D737}.Debug|Any CPU.Build.0 = Debug|Any CPU
		{2BC47AF2-777B-466A-9FD8-A62D4EA7D737}.Release|Any CPU.ActiveCfg = Release|Any CPU
		{2BC47AF2-777B-466A-9FD8-A62D4EA7D737}.Release|Any CPU.Build.0 = Release|Any CPU
		{8C45DB30-DC23-4128-9F66-844146D64296}.Debug|Any CPU.ActiveCfg = Debug|Any CPU
		{8C45DB30-DC23-4128-9F66-844146D64296}.Debug|Any CPU.Build.0 = Debug|Any CPU
		{8C45DB30-DC23-4128-9F66-844146D64296}.Release|Any CPU.ActiveCfg = Release|Any CPU
		{8C45DB30-DC23-4128-9F66-844146D64296}.Release|Any CPU.Build.0 = Release|Any CPU
		{23829BC6-E688-4E34-9302-CCDCBF7A9C00}.Debug|Any CPU.ActiveCfg = Debug|Any CPU
		{23829BC6-E688-4E34-9302-CCDCBF7A9C00}.Debug|Any CPU.Build.0 = Debug|Any CPU
		{23829BC6-E688-4E34-9302-CCDCBF7A9C00}.Release|Any CPU.ActiveCfg = Release|Any CPU
		{23829BC6-E688-4E34-9302-CCDCBF7A9C00}.Release|Any CPU.Build.0 = Release|Any CPU
	EndGlobalSection
	GlobalSection(SolutionProperties) = preSolution
		HideSolutionNode = FALSE
	EndGlobalSection
	GlobalSection(ExtensibilityGlobals) = postSolution
		SolutionGuid = {1DBE98FB-9D25-4A7F-8CBF-FE3B1E49D375}
	EndGlobalSection
EndGlobal
