
Microsoft Visual Studio Solution File, Format Version 12.00
# Visual Studio Version 16
VisualStudioVersion = 16.0.29509.3
MinimumVisualStudioVersion = 10.0.40219.1
Project("{FAE04EC0-301F-11D3-BF4B-00C04F79EFBC}") = "Lab11.1", "Lab11.1\Lab11.1.csproj", "{07731ED9-4419-47E2-83A7-3D0C470CE313}"
EndProject
Project("{FAE04EC0-301F-11D3-BF4B-00C04F79EFBC}") = "Lab11.2", "Lab11.2\Lab11.2.csproj", "{00753AA7-5E84-4289-B5F2-D2E9A7AEAD52}"
EndProject
Project("{FAE04EC0-301F-11D3-BF4B-00C04F79EFBC}") = "Lab11.3", "Lab11.3\Lab11.3.csproj", "{34D3996D-11E3-479B-8482-930A9F8E1D72}"
EndProject
Project("{FAE04EC0-301F-11D3-BF4B-00C04F79EFBC}") = "Lab11.4", "Lab11.4\Lab11.4.csproj", "{1ED72751-C92D-41BC-9C89-4424FED3B578}"
EndProject
Project("{FAE04EC0-301F-11D3-BF4B-00C04F79EFBC}") = "Lab11.5", "Lab11.5\Lab11.5.csproj", "{4A192F63-533C-425A-B953-00EA577E7191}"
EndProject
Project("{FAE04EC0-301F-11D3-BF4B-00C04F79EFBC}") = "Lab11.6", "Lab11.6\Lab11.6.csproj", "{F5DAA1B4-0D0F-4BB7-815D-E0DB5E35EC3B}"
EndProject
Global
	GlobalSection(SolutionConfigurationPlatforms) = preSolution
		Debug|Any CPU = Debug|Any CPU
		Release|Any CPU = Release|Any CPU
	EndGlobalSection
	GlobalSection(ProjectConfigurationPlatforms) = postSolution
		{07731ED9-4419-47E2-83A7-3D0C470CE313}.Debug|Any CPU.ActiveCfg = Debug|Any CPU
		{07731ED9-4419-47E2-83A7-3D0C470CE313}.Debug|Any CPU.Build.0 = Debug|Any CPU
		{07731ED9-4419-47E2-83A7-3D0C470CE313}.Release|Any CPU.ActiveCfg = Release|Any CPU
		{07731ED9-4419-47E2-83A7-3D0C470CE313}.Release|Any CPU.Build.0 = Release|Any CPU
		{00753AA7-5E84-4289-B5F2-D2E9A7AEAD52}.Debug|Any CPU.ActiveCfg = Debug|Any CPU
		{00753AA7-5E84-4289-B5F2-D2E9A7AEAD52}.Debug|Any CPU.Build.0 = Debug|Any CPU
		{00753AA7-5E84-4289-B5F2-D2E9A7AEAD52}.Release|Any CPU.ActiveCfg = Release|Any CPU
		{00753AA7-5E84-4289-B5F2-D2E9A7AEAD52}.Release|Any CPU.Build.0 = Release|Any CPU
		{34D3996D-11E3-479B-8482-930A9F8E1D72}.Debug|Any CPU.ActiveCfg = Debug|Any CPU
		{34D3996D-11E3-479B-8482-930A9F8E1D72}.Debug|Any CPU.Build.0 = Debug|Any CPU
		{34D3996D-11E3-479B-8482-930A9F8E1D72}.Release|Any CPU.ActiveCfg = Release|Any CPU
		{34D3996D-11E3-479B-8482-930A9F8E1D72}.Release|Any CPU.Build.0 = Release|Any CPU
		{1ED72751-C92D-41BC-9C89-4424FED3B578}.Debug|Any CPU.ActiveCfg = Debug|Any CPU
		{1ED72751-C92D-41BC-9C89-4424FED3B578}.Debug|Any CPU.Build.0 = Debug|Any CPU
		{1ED72751-C92D-41BC-9C89-4424FED3B578}.Release|Any CPU.ActiveCfg = Release|Any CPU
		{1ED72751-C92D-41BC-9C89-4424FED3B578}.Release|Any CPU.Build.0 = Release|Any CPU
		{4A192F63-533C-425A-B953-00EA577E7191}.Debug|Any CPU.ActiveCfg = Debug|Any CPU
		{4A192F63-533C-425A-B953-00EA577E7191}.Debug|Any CPU.Build.0 = Debug|Any CPU
		{4A192F63-533C-425A-B953-00EA577E7191}.Release|Any CPU.ActiveCfg = Release|Any CPU
		{4A192F63-533C-425A-B953-00EA577E7191}.Release|Any CPU.Build.0 = Release|Any CPU
		{F5DAA1B4-0D0F-4BB7-815D-E0DB5E35EC3B}.Debug|Any CPU.ActiveCfg = Debug|Any CPU
		{F5DAA1B4-0D0F-4BB7-815D-E0DB5E35EC3B}.Debug|Any CPU.Build.0 = Debug|Any CPU
		{F5DAA1B4-0D0F-4BB7-815D-E0DB5E35EC3B}.Release|Any CPU.ActiveCfg = Release|Any CPU
		{F5DAA1B4-0D0F-4BB7-815D-E0DB5E35EC3B}.Release|Any CPU.Build.0 = Release|Any CPU
	EndGlobalSection
	GlobalSection(SolutionProperties) = preSolution
		HideSolutionNode = FALSE
	EndGlobalSection
	GlobalSection(ExtensibilityGlobals) = postSolution
		SolutionGuid = {7CABB03E-9A2E-4AF9-8C3D-2469B0FB5C57}
	EndGlobalSection
EndGlobal
