
Microsoft Visual Studio Solution File, Format Version 12.00
# Visual Studio Version 16
VisualStudioVersion = 16.0.29509.3
MinimumVisualStudioVersion = 10.0.40219.1
Project("{FAE04EC0-301F-11D3-BF4B-00C04F79EFBC}") = "Lab9.1", "Lab9.1\Lab9.1.csproj", "{14651B11-21F2-4B4B-AB7F-75120D4C3BD2}"
EndProject
Project("{FAE04EC0-301F-11D3-BF4B-00C04F79EFBC}") = "Lab9.2", "Lab9.2\Lab9.2.csproj", "{8F840E16-5306-4736-AAA2-6620371CD4BD}"
EndProject
Project("{FAE04EC0-301F-11D3-BF4B-00C04F79EFBC}") = "Lab9.3", "Lab9.3\Lab9.3.csproj", "{149A0ADF-71F2-4E19-9B85-C088CDCAFEF2}"
EndProject
Project("{FAE04EC0-301F-11D3-BF4B-00C04F79EFBC}") = "Lab9.4", "Lab9.4\Lab9.4.csproj", "{51B62D3F-CDD1-4DCC-BE58-8C5D72C8A7C3}"
EndProject
Project("{FAE04EC0-301F-11D3-BF4B-00C04F79EFBC}") = "Lab9.5", "Lab9.5\Lab9.5.csproj", "{FC9C5F88-9F14-48CC-90E6-17C24758C6CE}"
EndProject
Global
	GlobalSection(SolutionConfigurationPlatforms) = preSolution
		Debug|Any CPU = Debug|Any CPU
		Release|Any CPU = Release|Any CPU
	EndGlobalSection
	GlobalSection(ProjectConfigurationPlatforms) = postSolution
		{14651B11-21F2-4B4B-AB7F-75120D4C3BD2}.Debug|Any CPU.ActiveCfg = Debug|Any CPU
		{14651B11-21F2-4B4B-AB7F-75120D4C3BD2}.Debug|Any CPU.Build.0 = Debug|Any CPU
		{14651B11-21F2-4B4B-AB7F-75120D4C3BD2}.Release|Any CPU.ActiveCfg = Release|Any CPU
		{14651B11-21F2-4B4B-AB7F-75120D4C3BD2}.Release|Any CPU.Build.0 = Release|Any CPU
		{8F840E16-5306-4736-AAA2-6620371CD4BD}.Debug|Any CPU.ActiveCfg = Debug|Any CPU
		{8F840E16-5306-4736-AAA2-6620371CD4BD}.Debug|Any CPU.Build.0 = Debug|Any CPU
		{8F840E16-5306-4736-AAA2-6620371CD4BD}.Release|Any CPU.ActiveCfg = Release|Any CPU
		{8F840E16-5306-4736-AAA2-6620371CD4BD}.Release|Any CPU.Build.0 = Release|Any CPU
		{149A0ADF-71F2-4E19-9B85-C088CDCAFEF2}.Debug|Any CPU.ActiveCfg = Debug|Any CPU
		{149A0ADF-71F2-4E19-9B85-C088CDCAFEF2}.Debug|Any CPU.Build.0 = Debug|Any CPU
		{149A0ADF-71F2-4E19-9B85-C088CDCAFEF2}.Release|Any CPU.ActiveCfg = Release|Any CPU
		{149A0ADF-71F2-4E19-9B85-C088CDCAFEF2}.Release|Any CPU.Build.0 = Release|Any CPU
		{51B62D3F-CDD1-4DCC-BE58-8C5D72C8A7C3}.Debug|Any CPU.ActiveCfg = Debug|Any CPU
		{51B62D3F-CDD1-4DCC-BE58-8C5D72C8A7C3}.Debug|Any CPU.Build.0 = Debug|Any CPU
		{51B62D3F-CDD1-4DCC-BE58-8C5D72C8A7C3}.Release|Any CPU.ActiveCfg = Release|Any CPU
		{51B62D3F-CDD1-4DCC-BE58-8C5D72C8A7C3}.Release|Any CPU.Build.0 = Release|Any CPU
		{FC9C5F88-9F14-48CC-90E6-17C24758C6CE}.Debug|Any CPU.ActiveCfg = Debug|Any CPU
		{FC9C5F88-9F14-48CC-90E6-17C24758C6CE}.Debug|Any CPU.Build.0 = Debug|Any CPU
		{FC9C5F88-9F14-48CC-90E6-17C24758C6CE}.Release|Any CPU.ActiveCfg = Release|Any CPU
		{FC9C5F88-9F14-48CC-90E6-17C24758C6CE}.Release|Any CPU.Build.0 = Release|Any CPU
	EndGlobalSection
	GlobalSection(SolutionProperties) = preSolution
		HideSolutionNode = FALSE
	EndGlobalSection
	GlobalSection(ExtensibilityGlobals) = postSolution
		SolutionGuid = {34C572F0-0B91-4072-9DE3-2B3B9D783B51}
	EndGlobalSection
EndGlobal
