
Microsoft Visual Studio Solution File, Format Version 12.00
# Visual Studio 15
VisualStudioVersion = 15.0.28307.852
MinimumVisualStudioVersion = 10.0.40219.1
Project("{FAE04EC0-301F-11D3-BF4B-00C04F79EFBC}") = "Lab8.1", "Lab8.1\Lab8.1.csproj", "{93B872F4-7949-4888-BE83-5A951E8889F7}"
EndProject
Project("{FAE04EC0-301F-11D3-BF4B-00C04F79EFBC}") = "Lab8.2", "Lab8.2\Lab8.2.csproj", "{F08F226E-39B1-4B69-83CB-BACDF428530F}"
EndProject
Project("{FAE04EC0-301F-11D3-BF4B-00C04F79EFBC}") = "Lab8.3", "Lab8.3\Lab8.3.csproj", "{A558C105-2335-416C-B06D-9378E390B1BB}"
EndProject
Project("{FAE04EC0-301F-11D3-BF4B-00C04F79EFBC}") = "Lab8.4", "Lab8.4\Lab8.4.csproj", "{A5C6C340-F628-4F0C-BE78-34EC98C36791}"
EndProject
Project("{FAE04EC0-301F-11D3-BF4B-00C04F79EFBC}") = "Lab8.5", "Lab8.5\Lab8.5.csproj", "{C3A4FED0-5566-478F-AAC0-1120CCA0B895}"
EndProject
Project("{FAE04EC0-301F-11D3-BF4B-00C04F79EFBC}") = "Lab8.6", "Lab8.6\Lab8.6.csproj", "{25EB486F-1167-4752-82C3-87828393717B}"
EndProject
Global
	GlobalSection(SolutionConfigurationPlatforms) = preSolution
		Debug|Any CPU = Debug|Any CPU
		Release|Any CPU = Release|Any CPU
	EndGlobalSection
	GlobalSection(ProjectConfigurationPlatforms) = postSolution
		{93B872F4-7949-4888-BE83-5A951E8889F7}.Debug|Any CPU.ActiveCfg = Debug|Any CPU
		{93B872F4-7949-4888-BE83-5A951E8889F7}.Debug|Any CPU.Build.0 = Debug|Any CPU
		{93B872F4-7949-4888-BE83-5A951E8889F7}.Release|Any CPU.ActiveCfg = Release|Any CPU
		{93B872F4-7949-4888-BE83-5A951E8889F7}.Release|Any CPU.Build.0 = Release|Any CPU
		{F08F226E-39B1-4B69-83CB-BACDF428530F}.Debug|Any CPU.ActiveCfg = Debug|Any CPU
		{F08F226E-39B1-4B69-83CB-BACDF428530F}.Debug|Any CPU.Build.0 = Debug|Any CPU
		{F08F226E-39B1-4B69-83CB-BACDF428530F}.Release|Any CPU.ActiveCfg = Release|Any CPU
		{F08F226E-39B1-4B69-83CB-BACDF428530F}.Release|Any CPU.Build.0 = Release|Any CPU
		{A558C105-2335-416C-B06D-9378E390B1BB}.Debug|Any CPU.ActiveCfg = Debug|Any CPU
		{A558C105-2335-416C-B06D-9378E390B1BB}.Debug|Any CPU.Build.0 = Debug|Any CPU
		{A558C105-2335-416C-B06D-9378E390B1BB}.Release|Any CPU.ActiveCfg = Release|Any CPU
		{A558C105-2335-416C-B06D-9378E390B1BB}.Release|Any CPU.Build.0 = Release|Any CPU
		{A5C6C340-F628-4F0C-BE78-34EC98C36791}.Debug|Any CPU.ActiveCfg = Debug|Any CPU
		{A5C6C340-F628-4F0C-BE78-34EC98C36791}.Debug|Any CPU.Build.0 = Debug|Any CPU
		{A5C6C340-F628-4F0C-BE78-34EC98C36791}.Release|Any CPU.ActiveCfg = Release|Any CPU
		{A5C6C340-F628-4F0C-BE78-34EC98C36791}.Release|Any CPU.Build.0 = Release|Any CPU
		{C3A4FED0-5566-478F-AAC0-1120CCA0B895}.Debug|Any CPU.ActiveCfg = Debug|Any CPU
		{C3A4FED0-5566-478F-AAC0-1120CCA0B895}.Debug|Any CPU.Build.0 = Debug|Any CPU
		{C3A4FED0-5566-478F-AAC0-1120CCA0B895}.Release|Any CPU.ActiveCfg = Release|Any CPU
		{C3A4FED0-5566-478F-AAC0-1120CCA0B895}.Release|Any CPU.Build.0 = Release|Any CPU
		{25EB486F-1167-4752-82C3-87828393717B}.Debug|Any CPU.ActiveCfg = Debug|Any CPU
		{25EB486F-1167-4752-82C3-87828393717B}.Debug|Any CPU.Build.0 = Debug|Any CPU
		{25EB486F-1167-4752-82C3-87828393717B}.Release|Any CPU.ActiveCfg = Release|Any CPU
		{25EB486F-1167-4752-82C3-87828393717B}.Release|Any CPU.Build.0 = Release|Any CPU
	EndGlobalSection
	GlobalSection(SolutionProperties) = preSolution
		HideSolutionNode = FALSE
	EndGlobalSection
	GlobalSection(ExtensibilityGlobals) = postSolution
		SolutionGuid = {CA238829-FECE-4AB5-AC8D-E1BE33EF854C}
	EndGlobalSection
EndGlobal
