
Microsoft Visual Studio Solution File, Format Version 12.00
# Visual Studio Version 16
VisualStudioVersion = 16.0.29509.3
MinimumVisualStudioVersion = 10.0.40219.1
Project("{FAE04EC0-301F-11D3-BF4B-00C04F79EFBC}") = "Lab21.1", "Lab21.1\Lab21.1.csproj", "{44F767A7-898D-457B-8407-04B25A7DACF2}"
EndProject
Project("{FAE04EC0-301F-11D3-BF4B-00C04F79EFBC}") = "Lab21.2", "Lab21.2\Lab21.2.csproj", "{A44E11FC-A30B-441B-94F4-98BBC2DCBA00}"
EndProject
Project("{FAE04EC0-301F-11D3-BF4B-00C04F79EFBC}") = "Lab21.3", "Lab21.3\Lab21.3.csproj", "{3CAC7D11-A8C9-4A32-8153-2C31307952A3}"
EndProject
Project("{FAE04EC0-301F-11D3-BF4B-00C04F79EFBC}") = "Lab21.4", "Lab21.4\Lab21.4.csproj", "{438E68A5-51A4-4D27-8144-18B4D78329C9}"
EndProject
Project("{FAE04EC0-301F-11D3-BF4B-00C04F79EFBC}") = "Lab21.5", "Lab21.5\Lab21.5.csproj", "{F6B7B58D-770C-4BBE-8B4D-57BEC4EFED49}"
EndProject
Project("{FAE04EC0-301F-11D3-BF4B-00C04F79EFBC}") = "Lab21.6", "Lab21.6\Lab21.6.csproj", "{36BD183B-BC99-4B43-9037-4894E830444C}"
EndProject
Project("{FAE04EC0-301F-11D3-BF4B-00C04F79EFBC}") = "Lab21.7", "Lab21.7\Lab21.7.csproj", "{87ACB482-4EFA-43B7-97CB-90A2E3E12584}"
EndProject
Global
	GlobalSection(SolutionConfigurationPlatforms) = preSolution
		Debug|Any CPU = Debug|Any CPU
		Release|Any CPU = Release|Any CPU
	EndGlobalSection
	GlobalSection(ProjectConfigurationPlatforms) = postSolution
		{44F767A7-898D-457B-8407-04B25A7DACF2}.Debug|Any CPU.ActiveCfg = Debug|Any CPU
		{44F767A7-898D-457B-8407-04B25A7DACF2}.Debug|Any CPU.Build.0 = Debug|Any CPU
		{44F767A7-898D-457B-8407-04B25A7DACF2}.Release|Any CPU.ActiveCfg = Release|Any CPU
		{44F767A7-898D-457B-8407-04B25A7DACF2}.Release|Any CPU.Build.0 = Release|Any CPU
		{A44E11FC-A30B-441B-94F4-98BBC2DCBA00}.Debug|Any CPU.ActiveCfg = Debug|Any CPU
		{A44E11FC-A30B-441B-94F4-98BBC2DCBA00}.Debug|Any CPU.Build.0 = Debug|Any CPU
		{A44E11FC-A30B-441B-94F4-98BBC2DCBA00}.Release|Any CPU.ActiveCfg = Release|Any CPU
		{A44E11FC-A30B-441B-94F4-98BBC2DCBA00}.Release|Any CPU.Build.0 = Release|Any CPU
		{3CAC7D11-A8C9-4A32-8153-2C31307952A3}.Debug|Any CPU.ActiveCfg = Debug|Any CPU
		{3CAC7D11-A8C9-4A32-8153-2C31307952A3}.Debug|Any CPU.Build.0 = Debug|Any CPU
		{3CAC7D11-A8C9-4A32-8153-2C31307952A3}.Release|Any CPU.ActiveCfg = Release|Any CPU
		{3CAC7D11-A8C9-4A32-8153-2C31307952A3}.Release|Any CPU.Build.0 = Release|Any CPU
		{438E68A5-51A4-4D27-8144-18B4D78329C9}.Debug|Any CPU.ActiveCfg = Debug|Any CPU
		{438E68A5-51A4-4D27-8144-18B4D78329C9}.Debug|Any CPU.Build.0 = Debug|Any CPU
		{438E68A5-51A4-4D27-8144-18B4D78329C9}.Release|Any CPU.ActiveCfg = Release|Any CPU
		{438E68A5-51A4-4D27-8144-18B4D78329C9}.Release|Any CPU.Build.0 = Release|Any CPU
		{F6B7B58D-770C-4BBE-8B4D-57BEC4EFED49}.Debug|Any CPU.ActiveCfg = Debug|Any CPU
		{F6B7B58D-770C-4BBE-8B4D-57BEC4EFED49}.Debug|Any CPU.Build.0 = Debug|Any CPU
		{F6B7B58D-770C-4BBE-8B4D-57BEC4EFED49}.Release|Any CPU.ActiveCfg = Release|Any CPU
		{F6B7B58D-770C-4BBE-8B4D-57BEC4EFED49}.Release|Any CPU.Build.0 = Release|Any CPU
		{36BD183B-BC99-4B43-9037-4894E830444C}.Debug|Any CPU.ActiveCfg = Debug|Any CPU
		{36BD183B-BC99-4B43-9037-4894E830444C}.Debug|Any CPU.Build.0 = Debug|Any CPU
		{36BD183B-BC99-4B43-9037-4894E830444C}.Release|Any CPU.ActiveCfg = Release|Any CPU
		{36BD183B-BC99-4B43-9037-4894E830444C}.Release|Any CPU.Build.0 = Release|Any CPU
		{87ACB482-4EFA-43B7-97CB-90A2E3E12584}.Debug|Any CPU.ActiveCfg = Debug|Any CPU
		{87ACB482-4EFA-43B7-97CB-90A2E3E12584}.Debug|Any CPU.Build.0 = Debug|Any CPU
		{87ACB482-4EFA-43B7-97CB-90A2E3E12584}.Release|Any CPU.ActiveCfg = Release|Any CPU
		{87ACB482-4EFA-43B7-97CB-90A2E3E12584}.Release|Any CPU.Build.0 = Release|Any CPU
	EndGlobalSection
	GlobalSection(SolutionProperties) = preSolution
		HideSolutionNode = FALSE
	EndGlobalSection
	GlobalSection(ExtensibilityGlobals) = postSolution
		SolutionGuid = {388345BF-961A-42BB-BF17-A74CD4D50A79}
	EndGlobalSection
EndGlobal
