
Microsoft Visual Studio Solution File, Format Version 12.00
# Visual Studio Version 16
VisualStudioVersion = 16.0.29509.3
MinimumVisualStudioVersion = 10.0.40219.1
Project("{FAE04EC0-301F-11D3-BF4B-00C04F79EFBC}") = "Lab13.1", "Lab13.1\Lab13.1.csproj", "{C361F304-DAEC-4AE6-9EE3-7319AB8A5E4B}"
EndProject
Project("{FAE04EC0-301F-11D3-BF4B-00C04F79EFBC}") = "Lab13.2", "Lab13.2\Lab13.2.csproj", "{2BD9EFB5-B258-445F-83DC-6EF41F71EBAE}"
EndProject
Project("{FAE04EC0-301F-11D3-BF4B-00C04F79EFBC}") = "Lab13.3", "Lab13.3\Lab13.3.csproj", "{448084E1-E0FC-4C10-9975-CA22C8CC2C4F}"
EndProject
Project("{FAE04EC0-301F-11D3-BF4B-00C04F79EFBC}") = "Lab13.4", "Lab13.4\Lab13.4.csproj", "{0384E580-7714-4B24-B448-17B103718F26}"
EndProject
Project("{FAE04EC0-301F-11D3-BF4B-00C04F79EFBC}") = "Lab13.5", "Lab13.5\Lab13.5.csproj", "{20B2B760-68B4-4572-B0E6-06CF2BCD8B15}"
EndProject
Global
	GlobalSection(SolutionConfigurationPlatforms) = preSolution
		Debug|Any CPU = Debug|Any CPU
		Release|Any CPU = Release|Any CPU
	EndGlobalSection
	GlobalSection(ProjectConfigurationPlatforms) = postSolution
		{C361F304-DAEC-4AE6-9EE3-7319AB8A5E4B}.Debug|Any CPU.ActiveCfg = Debug|Any CPU
		{C361F304-DAEC-4AE6-9EE3-7319AB8A5E4B}.Debug|Any CPU.Build.0 = Debug|Any CPU
		{C361F304-DAEC-4AE6-9EE3-7319AB8A5E4B}.Release|Any CPU.ActiveCfg = Release|Any CPU
		{C361F304-DAEC-4AE6-9EE3-7319AB8A5E4B}.Release|Any CPU.Build.0 = Release|Any CPU
		{2BD9EFB5-B258-445F-83DC-6EF41F71EBAE}.Debug|Any CPU.ActiveCfg = Debug|Any CPU
		{2BD9EFB5-B258-445F-83DC-6EF41F71EBAE}.Debug|Any CPU.Build.0 = Debug|Any CPU
		{2BD9EFB5-B258-445F-83DC-6EF41F71EBAE}.Release|Any CPU.ActiveCfg = Release|Any CPU
		{2BD9EFB5-B258-445F-83DC-6EF41F71EBAE}.Release|Any CPU.Build.0 = Release|Any CPU
		{448084E1-E0FC-4C10-9975-CA22C8CC2C4F}.Debug|Any CPU.ActiveCfg = Debug|Any CPU
		{448084E1-E0FC-4C10-9975-CA22C8CC2C4F}.Debug|Any CPU.Build.0 = Debug|Any CPU
		{448084E1-E0FC-4C10-9975-CA22C8CC2C4F}.Release|Any CPU.ActiveCfg = Release|Any CPU
		{448084E1-E0FC-4C10-9975-CA22C8CC2C4F}.Release|Any CPU.Build.0 = Release|Any CPU
		{0384E580-7714-4B24-B448-17B103718F26}.Debug|Any CPU.ActiveCfg = Debug|Any CPU
		{0384E580-7714-4B24-B448-17B103718F26}.Debug|Any CPU.Build.0 = Debug|Any CPU
		{0384E580-7714-4B24-B448-17B103718F26}.Release|Any CPU.ActiveCfg = Release|Any CPU
		{0384E580-7714-4B24-B448-17B103718F26}.Release|Any CPU.Build.0 = Release|Any CPU
		{20B2B760-68B4-4572-B0E6-06CF2BCD8B15}.Debug|Any CPU.ActiveCfg = Debug|Any CPU
		{20B2B760-68B4-4572-B0E6-06CF2BCD8B15}.Debug|Any CPU.Build.0 = Debug|Any CPU
		{20B2B760-68B4-4572-B0E6-06CF2BCD8B15}.Release|Any CPU.ActiveCfg = Release|Any CPU
		{20B2B760-68B4-4572-B0E6-06CF2BCD8B15}.Release|Any CPU.Build.0 = Release|Any CPU
	EndGlobalSection
	GlobalSection(SolutionProperties) = preSolution
		HideSolutionNode = FALSE
	EndGlobalSection
	GlobalSection(ExtensibilityGlobals) = postSolution
		SolutionGuid = {5E1B7C32-C45F-4343-91DC-5444EDA09A06}
	EndGlobalSection
EndGlobal
